# generated by rye
# use `rye lock` or `rye sync` to update this lockfile
#
# last locked with the following flags:
#   pre: false
#   features: []
#   all-features: false
#   with-sources: false

-e file:.
greenlet==3.0.3
    # via sqlalchemy
psycopg2-binary==2.9.9
    # via sqlc-gen-python
ruff==0.4.4
    # via sqlc-gen-python
sqlalchemy==2.0.30
    # via sqlc-gen-python
typing-extensions==4.11.0
    # via sqlalchemy
